
Microsoft Visual Studio Solution File, Format Version 12.00
# Visual Studio Version 17
VisualStudioVersion = 17.4.32804.182
MinimumVisualStudioVersion = 10.0.40219.1
Project("{9A19103F-16F7-4668-BE54-9A1E7A4F7556}") = "Instruction.Api", "Instruction.Api\Instruction.Api.csproj", "{8936F1FD-70DB-470E-BFC7-02FED8C90B2F}"
EndProject
Project("{9A19103F-16F7-4668-BE54-9A1E7A4F7556}") = "Instruction.Repository", "Instruction.Repository\Instruction.Repository.csproj", "{3E9E9F44-5FF5-4BDD-B478-B7607A549C37}"
EndProject
Project("{9A19103F-16F7-4668-BE54-9A1E7A4F7556}") = "Instruction.Domain", "Instruction.Domain\Instruction.Domain.csproj", "{F094583C-20C6-410E-857A-5F24B922363F}"
EndProject
Project("{9A19103F-16F7-4668-BE54-9A1E7A4F7556}") = "Instruction.ApplicationService", "Instruction.ApplicationService\Instruction.ApplicationService.csproj", "{D1A989EE-0110-48B9-AAD9-92A4B3C7F74A}"
EndProject
Project("{9A19103F-16F7-4668-BE54-9A1E7A4F7556}") = "Instruction.Publisher", "Instruction.Publisher\Instruction.Publisher.csproj", "{E2CDCCE2-3F27-4600-AB7E-9AD25E5FE28C}"
EndProject
Project("{FAE04EC0-301F-11D3-BF4B-00C04F79EFBC}") = "Instruction.Consumer", "Instruction.Consumer\Instruction.Consumer.csproj", "{EAA52759-1AE8-4271-9190-0F230D6B7E76}"
EndProject
Global
	GlobalSection(SolutionConfigurationPlatforms) = preSolution
		Debug|Any CPU = Debug|Any CPU
		Release|Any CPU = Release|Any CPU
	EndGlobalSection
	GlobalSection(ProjectConfigurationPlatforms) = postSolution
		{8936F1FD-70DB-470E-BFC7-02FED8C90B2F}.Debug|Any CPU.ActiveCfg = Debug|Any CPU
		{8936F1FD-70DB-470E-BFC7-02FED8C90B2F}.Debug|Any CPU.Build.0 = Debug|Any CPU
		{8936F1FD-70DB-470E-BFC7-02FED8C90B2F}.Release|Any CPU.ActiveCfg = Release|Any CPU
		{8936F1FD-70DB-470E-BFC7-02FED8C90B2F}.Release|Any CPU.Build.0 = Release|Any CPU
		{3E9E9F44-5FF5-4BDD-B478-B7607A549C37}.Debug|Any CPU.ActiveCfg = Debug|Any CPU
		{3E9E9F44-5FF5-4BDD-B478-B7607A549C37}.Debug|Any CPU.Build.0 = Debug|Any CPU
		{3E9E9F44-5FF5-4BDD-B478-B7607A549C37}.Release|Any CPU.ActiveCfg = Release|Any CPU
		{3E9E9F44-5FF5-4BDD-B478-B7607A549C37}.Release|Any CPU.Build.0 = Release|Any CPU
		{F094583C-20C6-410E-857A-5F24B922363F}.Debug|Any CPU.ActiveCfg = Debug|Any CPU
		{F094583C-20C6-410E-857A-5F24B922363F}.Debug|Any CPU.Build.0 = Debug|Any CPU
		{F094583C-20C6-410E-857A-5F24B922363F}.Release|Any CPU.ActiveCfg = Release|Any CPU
		{F094583C-20C6-410E-857A-5F24B922363F}.Release|Any CPU.Build.0 = Release|Any CPU
		{D1A989EE-0110-48B9-AAD9-92A4B3C7F74A}.Debug|Any CPU.ActiveCfg = Debug|Any CPU
		{D1A989EE-0110-48B9-AAD9-92A4B3C7F74A}.Debug|Any CPU.Build.0 = Debug|Any CPU
		{D1A989EE-0110-48B9-AAD9-92A4B3C7F74A}.Release|Any CPU.ActiveCfg = Release|Any CPU
		{D1A989EE-0110-48B9-AAD9-92A4B3C7F74A}.Release|Any CPU.Build.0 = Release|Any CPU
		{E2CDCCE2-3F27-4600-AB7E-9AD25E5FE28C}.Debug|Any CPU.ActiveCfg = Debug|Any CPU
		{E2CDCCE2-3F27-4600-AB7E-9AD25E5FE28C}.Debug|Any CPU.Build.0 = Debug|Any CPU
		{E2CDCCE2-3F27-4600-AB7E-9AD25E5FE28C}.Release|Any CPU.ActiveCfg = Release|Any CPU
		{E2CDCCE2-3F27-4600-AB7E-9AD25E5FE28C}.Release|Any CPU.Build.0 = Release|Any CPU
		{EAA52759-1AE8-4271-9190-0F230D6B7E76}.Debug|Any CPU.ActiveCfg = Debug|Any CPU
		{EAA52759-1AE8-4271-9190-0F230D6B7E76}.Debug|Any CPU.Build.0 = Debug|Any CPU
		{EAA52759-1AE8-4271-9190-0F230D6B7E76}.Release|Any CPU.ActiveCfg = Release|Any CPU
		{EAA52759-1AE8-4271-9190-0F230D6B7E76}.Release|Any CPU.Build.0 = Release|Any CPU
	EndGlobalSection
	GlobalSection(SolutionProperties) = preSolution
		HideSolutionNode = FALSE
	EndGlobalSection
	GlobalSection(ExtensibilityGlobals) = postSolution
		SolutionGuid = {8AEB41E4-B8A3-4842-A1AF-FF505AEDEAE9}
	EndGlobalSection
EndGlobal
